// !$*UTF8*$!
{
	archiveVersion = 1;
	classes = {
	};
	objectVersion = 56;
	objects = {

/* Begin PBXBuildFile section */
		7D5312B229F7B96B00465DB6 /* settlement_prompt.c in Sources */ = {isa = PBXBuildFile; fileRef = 7D5312B129F7B96B00465DB6 /* settlement_prompt.c */; };
		7D5312B529F7BB5400465DB6 /* settlement.c in Sources */ = {isa = PBXBuildFile; fileRef = 7D5312B429F7BB5400465DB6 /* settlement.c */; };
		B10049C129E9D18100486570 /* payment_prompts.c in Sources */ = {isa = PBXBuildFile; fileRef = B10049BE29E9D18100486570 /* payment_prompts.c */; };
		B10049C229E9D18100486570 /* main.c in Sources */ = {isa = PBXBuildFile; fileRef = B10049BF29E9D18100486570 /* main.c */; };
		B10049C329E9D18100486570 /* utils.c in Sources */ = {isa = PBXBuildFile; fileRef = B10049C029E9D18100486570 /* utils.c */; };
		B10F699A29F6C1E600EE01E2 /* login.c in Sources */ = {isa = PBXBuildFile; fileRef = B10F699929F6C1E600EE01E2 /* login.c */; };
		B10F699D29F6C1FE00EE01E2 /* main_prompts.c in Sources */ = {isa = PBXBuildFile; fileRef = B10F699B29F6C1FE00EE01E2 /* main_prompts.c */; };
		B10F699E29F6C1FE00EE01E2 /* sell_prompts.c in Sources */ = {isa = PBXBuildFile; fileRef = B10F699C29F6C1FE00EE01E2 /* sell_prompts.c */; };
		B10F69A429F6C5ED00EE01E2 /* product.c in Sources */ = {isa = PBXBuildFile; fileRef = B10F69A329F6C5ED00EE01E2 /* product.c */; };
/* End PBXBuildFile section */

/* Begin PBXCopyFilesBuildPhase section */
		B1054C0529D17E4200775196 /* CopyFiles */ = {
			isa = PBXCopyFilesBuildPhase;
			buildActionMask = 2147483647;
			dstPath = /usr/share/man/man1/;
			dstSubfolderSpec = 0;
			files = (
			);
			runOnlyForDeploymentPostprocessing = 1;
		};
/* End PBXCopyFilesBuildPhase section */

/* Begin PBXFileReference section */
		7D5312B029F7B96B00465DB6 /* settlement_prompt.h */ = {isa = PBXFileReference; lastKnownFileType = sourcecode.c.h; path = settlement_prompt.h; sourceTree = "<group>"; };
		7D5312B129F7B96B00465DB6 /* settlement_prompt.c */ = {isa = PBXFileReference; lastKnownFileType = sourcecode.c.c; path = settlement_prompt.c; sourceTree = "<group>"; };
		7D5312B329F7BB5400465DB6 /* settlement.h */ = {isa = PBXFileReference; lastKnownFileType = sourcecode.c.h; path = settlement.h; sourceTree = "<group>"; };
		7D5312B429F7BB5400465DB6 /* settlement.c */ = {isa = PBXFileReference; lastKnownFileType = sourcecode.c.c; path = settlement.c; sourceTree = "<group>"; };
		B10049BE29E9D18100486570 /* payment_prompts.c */ = {isa = PBXFileReference; fileEncoding = 4; lastKnownFileType = sourcecode.c.c; name = payment_prompts.c; path = POS/payment_prompts.c; sourceTree = "<group>"; };
		B10049BF29E9D18100486570 /* main.c */ = {isa = PBXFileReference; fileEncoding = 4; lastKnownFileType = sourcecode.c.c; name = main.c; path = POS/main.c; sourceTree = "<group>"; };
		B10049C029E9D18100486570 /* utils.c */ = {isa = PBXFileReference; fileEncoding = 4; lastKnownFileType = sourcecode.c.c; name = utils.c; path = POS/utils.c; sourceTree = "<group>"; };
		B10049C429E9D18C00486570 /* types.h */ = {isa = PBXFileReference; fileEncoding = 4; lastKnownFileType = sourcecode.c.h; name = types.h; path = POS/types.h; sourceTree = "<group>"; };
		B10049C529E9D18C00486570 /* utils.h */ = {isa = PBXFileReference; fileEncoding = 4; lastKnownFileType = sourcecode.c.h; name = utils.h; path = POS/utils.h; sourceTree = "<group>"; };
		B10049C629E9D18C00486570 /* payment_prompts.h */ = {isa = PBXFileReference; fileEncoding = 4; lastKnownFileType = sourcecode.c.h; name = payment_prompts.h; path = POS/payment_prompts.h; sourceTree = "<group>"; };
		B1054C0729D17E4300775196 /* POS */ = {isa = PBXFileReference; explicitFileType = "compiled.mach-o.executable"; includeInIndex = 0; path = POS; sourceTree = BUILT_PRODUCTS_DIR; };
		B10F699929F6C1E600EE01E2 /* login.c */ = {isa = PBXFileReference; fileEncoding = 4; lastKnownFileType = sourcecode.c.c; name = login.c; path = POS/login.c; sourceTree = "<group>"; };
		B10F699B29F6C1FE00EE01E2 /* main_prompts.c */ = {isa = PBXFileReference; fileEncoding = 4; lastKnownFileType = sourcecode.c.c; name = main_prompts.c; path = POS/main_prompts.c; sourceTree = "<group>"; };
		B10F699C29F6C1FE00EE01E2 /* sell_prompts.c */ = {isa = PBXFileReference; fileEncoding = 4; lastKnownFileType = sourcecode.c.c; name = sell_prompts.c; path = POS/sell_prompts.c; sourceTree = "<group>"; };
		B10F699F29F6C20D00EE01E2 /* login.h */ = {isa = PBXFileReference; lastKnownFileType = sourcecode.c.h; name = login.h; path = POS/login.h; sourceTree = "<group>"; };
		B10F69A029F6C20D00EE01E2 /* main_prompts.h */ = {isa = PBXFileReference; lastKnownFileType = sourcecode.c.h; name = main_prompts.h; path = POS/main_prompts.h; sourceTree = "<group>"; };
		B10F69A129F6C20D00EE01E2 /* sell_prompts.h */ = {isa = PBXFileReference; lastKnownFileType = sourcecode.c.h; name = sell_prompts.h; path = POS/sell_prompts.h; sourceTree = "<group>"; };
		B10F69A229F6C5E800EE01E2 /* product.h */ = {isa = PBXFileReference; lastKnownFileType = sourcecode.c.h; name = product.h; path = POS/product.h; sourceTree = "<group>"; };
		B10F69A329F6C5ED00EE01E2 /* product.c */ = {isa = PBXFileReference; fileEncoding = 4; lastKnownFileType = sourcecode.c.c; name = product.c; path = POS/product.c; sourceTree = "<group>"; };
		B10F69A529F6DDE100EE01E2 /* POS.entitlements */ = {isa = PBXFileReference; lastKnownFileType = text.plist.entitlements; name = POS.entitlements; path = POS/POS.entitlements; sourceTree = "<group>"; };
/* End PBXFileReference section */

/* Begin PBXFrameworksBuildPhase section */
		B1054C0429D17E4200775196 /* Frameworks */ = {
			isa = PBXFrameworksBuildPhase;
			buildActionMask = 2147483647;
			files = (
			);
			runOnlyForDeploymentPostprocessing = 0;
		};
/* End PBXFrameworksBuildPhase section */

/* Begin PBXGroup section */
		B10049BC29E9D16A00486570 /* Sources */ = {
			isa = PBXGroup;
			children = (
				B10049BF29E9D18100486570 /* main.c */,
				B10049C029E9D18100486570 /* utils.c */,
				B10F699929F6C1E600EE01E2 /* login.c */,
				B10049BE29E9D18100486570 /* payment_prompts.c */,
				B10F699B29F6C1FE00EE01E2 /* main_prompts.c */,
				7D5312B429F7BB5400465DB6 /* settlement.c */,
				B10F699C29F6C1FE00EE01E2 /* sell_prompts.c */,
				7D5312B129F7B96B00465DB6 /* settlement_prompt.c */,
				B10F69A329F6C5ED00EE01E2 /* product.c */,
			);
			name = Sources;
			sourceTree = "<group>";
		};
		B10049BD29E9D16F00486570 /* Headers */ = {
			isa = PBXGroup;
			children = (
				B10F699F29F6C20D00EE01E2 /* login.h */,
				B10F69A029F6C20D00EE01E2 /* main_prompts.h */,
				B10F69A129F6C20D00EE01E2 /* sell_prompts.h */,
				B10049C429E9D18C00486570 /* types.h */,
				B10049C529E9D18C00486570 /* utils.h */,
				7D5312B329F7BB5400465DB6 /* settlement.h */,
				7D5312B029F7B96B00465DB6 /* settlement_prompt.h */,
				B10049C629E9D18C00486570 /* payment_prompts.h */,
				B10F69A229F6C5E800EE01E2 /* product.h */,
			);
			name = Headers;
			sourceTree = "<group>";
		};
		B1054BFE29D17E4200775196 = {
			isa = PBXGroup;
			children = (
				B10F69A529F6DDE100EE01E2 /* POS.entitlements */,
				B10049BD29E9D16F00486570 /* Headers */,
				B10049BC29E9D16A00486570 /* Sources */,
				B1054C0829D17E4300775196 /* Products */,
			);
			sourceTree = "<group>";
		};
		B1054C0829D17E4300775196 /* Products */ = {
			isa = PBXGroup;
			children = (
				B1054C0729D17E4300775196 /* POS */,
			);
			name = Products;
			sourceTree = "<group>";
		};
/* End PBXGroup section */

/* Begin PBXNativeTarget section */
		B1054C0629D17E4200775196 /* POS */ = {
			isa = PBXNativeTarget;
			buildConfigurationList = B1054C0E29D17E4300775196 /* Build configuration list for PBXNativeTarget "POS" */;
			buildPhases = (
				B1054C0329D17E4200775196 /* Sources */,
				B1054C0429D17E4200775196 /* Frameworks */,
				B1054C0529D17E4200775196 /* CopyFiles */,
			);
			buildRules = (
			);
			dependencies = (
			);
			name = POS;
			productName = POS;
			productReference = B1054C0729D17E4300775196 /* POS */;
			productType = "com.apple.product-type.tool";
		};
/* End PBXNativeTarget section */

/* Begin PBXProject section */
		B1054BFF29D17E4200775196 /* Project object */ = {
			isa = PBXProject;
			attributes = {
				BuildIndependentTargetsInParallel = 1;
				LastUpgradeCheck = 1420;
				TargetAttributes = {
					B1054C0629D17E4200775196 = {
						CreatedOnToolsVersion = 14.2;
					};
				};
			};
			buildConfigurationList = B1054C0229D17E4200775196 /* Build configuration list for PBXProject "POS" */;
			compatibilityVersion = "Xcode 14.0";
			developmentRegion = en;
			hasScannedForEncodings = 0;
			knownRegions = (
				en,
				Base,
			);
			mainGroup = B1054BFE29D17E4200775196;
			productRefGroup = B1054C0829D17E4300775196 /* Products */;
			projectDirPath = "";
			projectRoot = "";
			targets = (
				B1054C0629D17E4200775196 /* POS */,
			);
		};
/* End PBXProject section */

/* Begin PBXSourcesBuildPhase section */
		B1054C0329D17E4200775196 /* Sources */ = {
			isa = PBXSourcesBuildPhase;
			buildActionMask = 2147483647;
			files = (
				B10049C329E9D18100486570 /* utils.c in Sources */,
				B10049C229E9D18100486570 /* main.c in Sources */,
				7D5312B229F7B96B00465DB6 /* settlement_prompt.c in Sources */,
				B10049C129E9D18100486570 /* payment_prompts.c in Sources */,
				B10F699A29F6C1E600EE01E2 /* login.c in Sources */,
				B10F699D29F6C1FE00EE01E2 /* main_prompts.c in Sources */,
				B10F69A429F6C5ED00EE01E2 /* product.c in Sources */,
				B10F699E29F6C1FE00EE01E2 /* sell_prompts.c in Sources */,
				7D5312B529F7BB5400465DB6 /* settlement.c in Sources */,
			);
			runOnlyForDeploymentPostprocessing = 0;
		};
/* End PBXSourcesBuildPhase section */

/* Begin XCBuildConfiguration section */
		B1054C0C29D17E4300775196 /* Debug */ = {
			isa = XCBuildConfiguration;
			buildSettings = {
				ALWAYS_SEARCH_USER_PATHS = NO;
				CLANG_ANALYZER_NONNULL = YES;
				CLANG_ANALYZER_NUMBER_OBJECT_CONVERSION = YES_AGGRESSIVE;
				CLANG_CXX_LANGUAGE_STANDARD = "c++0x";
				CLANG_ENABLE_MODULES = YES;
				CLANG_ENABLE_OBJC_ARC = YES;
				CLANG_ENABLE_OBJC_WEAK = YES;
				CLANG_WARN_BLOCK_CAPTURE_AUTORELEASING = YES;
				CLANG_WARN_BOOL_CONVERSION = YES;
				CLANG_WARN_COMMA = YES;
				CLANG_WARN_CONSTANT_CONVERSION = YES;
				CLANG_WARN_DEPRECATED_OBJC_IMPLEMENTATIONS = YES;
				CLANG_WARN_DIRECT_OBJC_ISA_USAGE = YES_ERROR;
				CLANG_WARN_DOCUMENTATION_COMMENTS = YES;
				CLANG_WARN_EMPTY_BODY = YES;
				CLANG_WARN_ENUM_CONVERSION = YES;
				CLANG_WARN_INFINITE_RECURSION = YES;
				CLANG_WARN_INT_CONVERSION = YES;
				CLANG_WARN_NON_LITERAL_NULL_CONVERSION = YES;
				CLANG_WARN_OBJC_IMPLICIT_RETAIN_SELF = YES;
				CLANG_WARN_OBJC_LITERAL_CONVERSION = YES;
				CLANG_WARN_OBJC_ROOT_CLASS = YES_ERROR;
				CLANG_WARN_QUOTED_INCLUDE_IN_FRAMEWORK_HEADER = YES;
				CLANG_WARN_RANGE_LOOP_ANALYSIS = YES;
				CLANG_WARN_STRICT_PROTOTYPES = YES;
				CLANG_WARN_SUSPICIOUS_MOVE = YES;
				CLANG_WARN_UNGUARDED_AVAILABILITY = YES_AGGRESSIVE;
				CLANG_WARN_UNREACHABLE_CODE = YES;
				CLANG_WARN__DUPLICATE_METHOD_MATCH = YES;
				COPY_PHASE_STRIP = NO;
				DEBUG_INFORMATION_FORMAT = dwarf;
				ENABLE_STRICT_OBJC_MSGSEND = YES;
				ENABLE_TESTABILITY = YES;
				GCC_C_LANGUAGE_STANDARD = c11;
				GCC_DYNAMIC_NO_PIC = NO;
				GCC_NO_COMMON_BLOCKS = YES;
				GCC_OPTIMIZATION_LEVEL = 0;
				GCC_PREPROCESSOR_DEFINITIONS = (
					"DEBUG=1",
					"$(inherited)",
				);
				GCC_WARN_64_TO_32_BIT_CONVERSION = YES;
				GCC_WARN_ABOUT_RETURN_TYPE = YES_ERROR;
				GCC_WARN_UNDECLARED_SELECTOR = YES;
				GCC_WARN_UNINITIALIZED_AUTOS = YES_AGGRESSIVE;
				GCC_WARN_UNUSED_FUNCTION = YES;
				GCC_WARN_UNUSED_VARIABLE = YES;
				MACOSX_DEPLOYMENT_TARGET = 13.1;
				MTL_ENABLE_DEBUG_INFO = INCLUDE_SOURCE;
				MTL_FAST_MATH = YES;
				ONLY_ACTIVE_ARCH = YES;
				SDKROOT = macosx;
			};
			name = Debug;
		};
		B1054C0D29D17E4300775196 /* Release */ = {
			isa = XCBuildConfiguration;
			buildSettings = {
				ALWAYS_SEARCH_USER_PATHS = NO;
				CLANG_ANALYZER_NONNULL = YES;
				CLANG_ANALYZER_NUMBER_OBJECT_CONVERSION = YES_AGGRESSIVE;
				CLANG_CXX_LANGUAGE_STANDARD = "c++0x";
				CLANG_ENABLE_MODULES = YES;
				CLANG_ENABLE_OBJC_ARC = YES;
				CLANG_ENABLE_OBJC_WEAK = YES;
				CLANG_WARN_BLOCK_CAPTURE_AUTORELEASING = YES;
				CLANG_WARN_BOOL_CONVERSION = YES;
				CLANG_WARN_COMMA = YES;
				CLANG_WARN_CONSTANT_CONVERSION = YES;
				CLANG_WARN_DEPRECATED_OBJC_IMPLEMENTATIONS = YES;
				CLANG_WARN_DIRECT_OBJC_ISA_USAGE = YES_ERROR;
				CLANG_WARN_DOCUMENTATION_COMMENTS = YES;
				CLANG_WARN_EMPTY_BODY = YES;
				CLANG_WARN_ENUM_CONVERSION = YES;
				CLANG_WARN_INFINITE_RECURSION = YES;
				CLANG_WARN_INT_CONVERSION = YES;
				CLANG_WARN_NON_LITERAL_NULL_CONVERSION = YES;
				CLANG_WARN_OBJC_IMPLICIT_RETAIN_SELF = YES;
				CLANG_WARN_OBJC_LITERAL_CONVERSION = YES;
				CLANG_WARN_OBJC_ROOT_CLASS = YES_ERROR;
				CLANG_WARN_QUOTED_INCLUDE_IN_FRAMEWORK_HEADER = YES;
				CLANG_WARN_RANGE_LOOP_ANALYSIS = YES;
				CLANG_WARN_STRICT_PROTOTYPES = YES;
				CLANG_WARN_SUSPICIOUS_MOVE = YES;
				CLANG_WARN_UNGUARDED_AVAILABILITY = YES_AGGRESSIVE;
				CLANG_WARN_UNREACHABLE_CODE = YES;
				CLANG_WARN__DUPLICATE_METHOD_MATCH = YES;
				COPY_PHASE_STRIP = NO;
				DEBUG_INFORMATION_FORMAT = "dwarf-with-dsym";
				ENABLE_NS_ASSERTIONS = NO;
				ENABLE_STRICT_OBJC_MSGSEND = YES;
				GCC_C_LANGUAGE_STANDARD = c11;
				GCC_NO_COMMON_BLOCKS = YES;
				GCC_WARN_64_TO_32_BIT_CONVERSION = YES;
				GCC_WARN_ABOUT_RETURN_TYPE = YES_ERROR;
				GCC_WARN_UNDECLARED_SELECTOR = YES;
				GCC_WARN_UNINITIALIZED_AUTOS = YES_AGGRESSIVE;
				GCC_WARN_UNUSED_FUNCTION = YES;
				GCC_WARN_UNUSED_VARIABLE = YES;
				MACOSX_DEPLOYMENT_TARGET = 13.1;
				MTL_ENABLE_DEBUG_INFO = NO;
				MTL_FAST_MATH = YES;
				SDKROOT = macosx;
			};
			name = Release;
		};
		B1054C0F29D17E4300775196 /* Debug */ = {
			isa = XCBuildConfiguration;
			buildSettings = {
				CODE_SIGN_ENTITLEMENTS = POS/POS.entitlements;
				CODE_SIGN_STYLE = Automatic;
				DEVELOPMENT_TEAM = "";
				ENABLE_HARDENED_RUNTIME = NO;
				PRODUCT_NAME = "$(TARGET_NAME)";
			};
			name = Debug;
		};
		B1054C1029D17E4300775196 /* Release */ = {
			isa = XCBuildConfiguration;
			buildSettings = {
				CODE_SIGN_ENTITLEMENTS = POS/POS.entitlements;
				CODE_SIGN_STYLE = Automatic;
				DEVELOPMENT_TEAM = "";
				ENABLE_HARDENED_RUNTIME = NO;
				PRODUCT_NAME = "$(TARGET_NAME)";
			};
			name = Release;
		};
/* End XCBuildConfiguration section */

/* Begin XCConfigurationList section */
		B1054C0229D17E4200775196 /* Build configuration list for PBXProject "POS" */ = {
			isa = XCConfigurationList;
			buildConfigurations = (
				B1054C0C29D17E4300775196 /* Debug */,
				B1054C0D29D17E4300775196 /* Release */,
			);
			defaultConfigurationIsVisible = 0;
			defaultConfigurationName = Release;
		};
		B1054C0E29D17E4300775196 /* Build configuration list for PBXNativeTarget "POS" */ = {
			isa = XCConfigurationList;
			buildConfigurations = (
				B1054C0F29D17E4300775196 /* Debug */,
				B1054C1029D17E4300775196 /* Release */,
			);
			defaultConfigurationIsVisible = 0;
			defaultConfigurationName = Release;
		};
/* End XCConfigurationList section */
	};
	rootObject = B1054BFF29D17E4200775196 /* Project object */;
}
